
Microsoft Visual Studio Solution File, Format Version 12.00
# Visual Studio Version 17
VisualStudioVersion = 17.14.35906.104 d17.14
MinimumVisualStudioVersion = 10.0.40219.1
Project("{FAE04EC0-301F-11D3-BF4B-00C04F79EFBC}") = "ZooktiStore", "ZooktiStore.csproj", "{81718897-6079-4739-B822-1D2C34D95A2B}"
EndProject
Global
	GlobalSection(SolutionConfigurationPlatforms) = preSolution
		Debug|Any CPU = Debug|Any CPU
		Release|Any CPU = Release|Any CPU
	EndGlobalSection
	GlobalSection(ProjectConfigurationPlatforms) = postSolution
		{81718897-6079-4739-B822-1D2C34D95A2B}.Debug|Any CPU.ActiveCfg = Debug|Any CPU
		{81718897-6079-4739-B822-1D2C34D95A2B}.Debug|Any CPU.Build.0 = Debug|Any CPU
		{81718897-6079-4739-B822-1D2C34D95A2B}.Release|Any CPU.ActiveCfg = Release|Any CPU
		{81718897-6079-4739-B822-1D2C34D95A2B}.Release|Any CPU.Build.0 = Release|Any CPU
	EndGlobalSection
	GlobalSection(SolutionProperties) = preSolution
		HideSolutionNode = FALSE
	EndGlobalSection
	GlobalSection(ExtensibilityGlobals) = postSolution
		SolutionGuid = {F077ECC0-4067-44C9-AFCC-05FF27631E6B}
	EndGlobalSection
EndGlobal
